
Microsoft Visual Studio Solution File, Format Version 12.00
# Visual Studio Version 17
VisualStudioVersion = 17.3.32804.467
MinimumVisualStudioVersion = 10.0.40219.1
Project("{8BC9CEB8-8B4A-11D0-8D11-00A0C91BC942}") = "Engine", "Engine\Engine.vcxproj", "{FFCA512B-49FC-4FC8-8A73-C4F87D322FF2}"
EndProject
Project("{FAE04EC0-301F-11D3-BF4B-00C04F79EFBC}") = "DoubleChessOpenerLibrary", "DoubleChessOpenerLibrary\DoubleChessOpenerLibrary.csproj", "{F926D0F6-BE84-48CD-B2C4-03573D936FF5}"
EndProject
Project("{FAE04EC0-301F-11D3-BF4B-00C04F79EFBC}") = "DoubleChessOpenerUI", "DoubleChessOpenerUI\DoubleChessOpenerUI.csproj", "{E3365B9A-72E0-49E2-AE2F-D7D258771CFC}"
EndProject
Global
	GlobalSection(SolutionConfigurationPlatforms) = preSolution
		Debug|Any CPU = Debug|Any CPU
		Debug|x64 = Debug|x64
		Debug|x86 = Debug|x86
		Release|Any CPU = Release|Any CPU
		Release|x64 = Release|x64
		Release|x86 = Release|x86
	EndGlobalSection
	GlobalSection(ProjectConfigurationPlatforms) = postSolution
		{FFCA512B-49FC-4FC8-8A73-C4F87D322FF2}.Debug|Any CPU.ActiveCfg = Debug|x64
		{FFCA512B-49FC-4FC8-8A73-C4F87D322FF2}.Debug|Any CPU.Build.0 = Debug|x64
		{FFCA512B-49FC-4FC8-8A73-C4F87D322FF2}.Debug|x64.ActiveCfg = Debug|x64
		{FFCA512B-49FC-4FC8-8A73-C4F87D322FF2}.Debug|x64.Build.0 = Debug|x64
		{FFCA512B-49FC-4FC8-8A73-C4F87D322FF2}.Debug|x86.ActiveCfg = Debug|Win32
		{FFCA512B-49FC-4FC8-8A73-C4F87D322FF2}.Debug|x86.Build.0 = Debug|Win32
		{FFCA512B-49FC-4FC8-8A73-C4F87D322FF2}.Release|Any CPU.ActiveCfg = Release|x64
		{FFCA512B-49FC-4FC8-8A73-C4F87D322FF2}.Release|Any CPU.Build.0 = Release|x64
		{FFCA512B-49FC-4FC8-8A73-C4F87D322FF2}.Release|x64.ActiveCfg = Release|x64
		{FFCA512B-49FC-4FC8-8A73-C4F87D322FF2}.Release|x64.Build.0 = Release|x64
		{FFCA512B-49FC-4FC8-8A73-C4F87D322FF2}.Release|x86.ActiveCfg = Release|Win32
		{FFCA512B-49FC-4FC8-8A73-C4F87D322FF2}.Release|x86.Build.0 = Release|Win32
		{F926D0F6-BE84-48CD-B2C4-03573D936FF5}.Debug|Any CPU.ActiveCfg = Debug|Any CPU
		{F926D0F6-BE84-48CD-B2C4-03573D936FF5}.Debug|Any CPU.Build.0 = Debug|Any CPU
		{F926D0F6-BE84-48CD-B2C4-03573D936FF5}.Debug|x64.ActiveCfg = Debug|Any CPU
		{F926D0F6-BE84-48CD-B2C4-03573D936FF5}.Debug|x64.Build.0 = Debug|Any CPU
		{F926D0F6-BE84-48CD-B2C4-03573D936FF5}.Debug|x86.ActiveCfg = Debug|Any CPU
		{F926D0F6-BE84-48CD-B2C4-03573D936FF5}.Debug|x86.Build.0 = Debug|Any CPU
		{F926D0F6-BE84-48CD-B2C4-03573D936FF5}.Release|Any CPU.ActiveCfg = Release|Any CPU
		{F926D0F6-BE84-48CD-B2C4-03573D936FF5}.Release|Any CPU.Build.0 = Release|Any CPU
		{F926D0F6-BE84-48CD-B2C4-03573D936FF5}.Release|x64.ActiveCfg = Release|Any CPU
		{F926D0F6-BE84-48CD-B2C4-03573D936FF5}.Release|x64.Build.0 = Release|Any CPU
		{F926D0F6-BE84-48CD-B2C4-03573D936FF5}.Release|x86.ActiveCfg = Release|Any CPU
		{F926D0F6-BE84-48CD-B2C4-03573D936FF5}.Release|x86.Build.0 = Release|Any CPU
		{E3365B9A-72E0-49E2-AE2F-D7D258771CFC}.Debug|Any CPU.ActiveCfg = Debug|Any CPU
		{E3365B9A-72E0-49E2-AE2F-D7D258771CFC}.Debug|Any CPU.Build.0 = Debug|Any CPU
		{E3365B9A-72E0-49E2-AE2F-D7D258771CFC}.Debug|x64.ActiveCfg = Debug|Any CPU
		{E3365B9A-72E0-49E2-AE2F-D7D258771CFC}.Debug|x64.Build.0 = Debug|Any CPU
		{E3365B9A-72E0-49E2-AE2F-D7D258771CFC}.Debug|x86.ActiveCfg = Debug|Any CPU
		{E3365B9A-72E0-49E2-AE2F-D7D258771CFC}.Debug|x86.Build.0 = Debug|Any CPU
		{E3365B9A-72E0-49E2-AE2F-D7D258771CFC}.Release|Any CPU.ActiveCfg = Release|Any CPU
		{E3365B9A-72E0-49E2-AE2F-D7D258771CFC}.Release|Any CPU.Build.0 = Release|Any CPU
		{E3365B9A-72E0-49E2-AE2F-D7D258771CFC}.Release|x64.ActiveCfg = Release|Any CPU
		{E3365B9A-72E0-49E2-AE2F-D7D258771CFC}.Release|x64.Build.0 = Release|Any CPU
		{E3365B9A-72E0-49E2-AE2F-D7D258771CFC}.Release|x86.ActiveCfg = Release|Any CPU
		{E3365B9A-72E0-49E2-AE2F-D7D258771CFC}.Release|x86.Build.0 = Release|Any CPU
	EndGlobalSection
	GlobalSection(SolutionProperties) = preSolution
		HideSolutionNode = FALSE
	EndGlobalSection
	GlobalSection(ExtensibilityGlobals) = postSolution
		SolutionGuid = {AE616510-658B-4959-84B8-9274BF0A9A56}
	EndGlobalSection
EndGlobal
